
Microsoft Visual Studio Solution File, Format Version 12.00
# Visual Studio Version 17
VisualStudioVersion = 17.13.35605.110
MinimumVisualStudioVersion = 10.0.40219.1
Project("{FAE04EC0-301F-11D3-BF4B-00C04F79EFBC}") = "UnifiedNamespaceLib", "UnifiedNamespaceLib\UnifiedNamespaceLib.csproj", "{2650F5E0-C99B-4728-B371-CBD198E0945C}"
EndProject
Project("{FAE04EC0-301F-11D3-BF4B-00C04F79EFBC}") = "PowerFxLib", "PowerFxLib\PowerFxLib.csproj", "{9A59E643-7FE5-4A14-9673-D77C59EAA219}"
EndProject
Project("{FAE04EC0-301F-11D3-BF4B-00C04F79EFBC}") = "HmiLib", "HmiLib\HmiLib.csproj", "{239DBFAF-F94A-CF19-F03F-342285FF4D8A}"
EndProject
Project("{FAE04EC0-301F-11D3-BF4B-00C04F79EFBC}") = "TheThingsHubPortalApp", "TheThingsHubPortalApp\TheThingsHubPortalApp.csproj", "{D1D790D9-D5B3-00CE-3DA6-B8D6C3C0D614}"
EndProject
Project("{FAE04EC0-301F-11D3-BF4B-00C04F79EFBC}") = "CatalogLib", "CatalogLib\CatalogLib.csproj", "{C95C0AFB-B05D-B9E9-1897-31D778333B27}"
EndProject
Project("{FAE04EC0-301F-11D3-BF4B-00C04F79EFBC}") = "KustoDashboardLib", "KustoDashboardLib\KustoDashboardLib.csproj", "{0CFD18F1-3422-40C9-8378-7FFB5B2EBDEF}"
EndProject
Project("{FAE04EC0-301F-11D3-BF4B-00C04F79EFBC}") = "PowerBIEmbeddingLib", "PowerBIEmbeddingLib\PowerBIEmbeddingLib.csproj", "{CA083D46-273E-8AA4-1B17-557AF836AC80}"
EndProject
Project("{FAE04EC0-301F-11D3-BF4B-00C04F79EFBC}") = "AzureApplicationLib", "AzureApplicationLib\AzureApplicationLib.csproj", "{CF2122E2-1DFD-7FC1-7E98-C79DD303DF8D}"
EndProject
Project("{FAE04EC0-301F-11D3-BF4B-00C04F79EFBC}") = "FabricLib", "FabricLib\FabricLib.csproj", "{FEA23536-8D90-D9E0-BE37-FFB5D19C4E7F}"
EndProject
Project("{2150E333-8FDC-42A3-9474-1A3956D46DE8}") = "Libs", "Libs", "{02EA681E-C7D8-13C7-8484-4AC65E1B71E8}"
EndProject
Project("{2150E333-8FDC-42A3-9474-1A3956D46DE8}") = "App", "App", "{ECA574C7-97A8-40AC-BC61-12F093564977}"
EndProject
Project("{2150E333-8FDC-42A3-9474-1A3956D46DE8}") = "SolutionLib", "SolutionLib", "{50C8BB5F-078A-43E9-93BE-81970C5791E6}"
EndProject
Project("{2150E333-8FDC-42A3-9474-1A3956D46DE8}") = "Components", "Components", "{574EF48D-B1BB-4A07-9285-D429D92009FD}"
EndProject
Project("{FAE04EC0-301F-11D3-BF4B-00C04F79EFBC}") = "AzureIoTLib", "AzureIoTLib\AzureIoTLib.csproj", "{B61F8AE7-BD73-44E4-A870-4B2764C45261}"
EndProject
Project("{FAE04EC0-301F-11D3-BF4B-00C04F79EFBC}") = "WebLib", "WebLib\WebLib.csproj", "{2BB4FD53-EE6E-41D1-A56C-A23504109637}"
EndProject
Global
	GlobalSection(SolutionConfigurationPlatforms) = preSolution
		Debug|Any CPU = Debug|Any CPU
		Release|Any CPU = Release|Any CPU
	EndGlobalSection
	GlobalSection(ProjectConfigurationPlatforms) = postSolution
		{2650F5E0-C99B-4728-B371-CBD198E0945C}.Debug|Any CPU.ActiveCfg = Debug|Any CPU
		{2650F5E0-C99B-4728-B371-CBD198E0945C}.Debug|Any CPU.Build.0 = Debug|Any CPU
		{2650F5E0-C99B-4728-B371-CBD198E0945C}.Release|Any CPU.ActiveCfg = Release|Any CPU
		{2650F5E0-C99B-4728-B371-CBD198E0945C}.Release|Any CPU.Build.0 = Release|Any CPU
		{9A59E643-7FE5-4A14-9673-D77C59EAA219}.Debug|Any CPU.ActiveCfg = Debug|Any CPU
		{9A59E643-7FE5-4A14-9673-D77C59EAA219}.Debug|Any CPU.Build.0 = Debug|Any CPU
		{9A59E643-7FE5-4A14-9673-D77C59EAA219}.Release|Any CPU.ActiveCfg = Release|Any CPU
		{9A59E643-7FE5-4A14-9673-D77C59EAA219}.Release|Any CPU.Build.0 = Release|Any CPU
		{239DBFAF-F94A-CF19-F03F-342285FF4D8A}.Debug|Any CPU.ActiveCfg = Debug|Any CPU
		{239DBFAF-F94A-CF19-F03F-342285FF4D8A}.Debug|Any CPU.Build.0 = Debug|Any CPU
		{239DBFAF-F94A-CF19-F03F-342285FF4D8A}.Release|Any CPU.ActiveCfg = Release|Any CPU
		{239DBFAF-F94A-CF19-F03F-342285FF4D8A}.Release|Any CPU.Build.0 = Release|Any CPU
		{D1D790D9-D5B3-00CE-3DA6-B8D6C3C0D614}.Debug|Any CPU.ActiveCfg = Debug|Any CPU
		{D1D790D9-D5B3-00CE-3DA6-B8D6C3C0D614}.Debug|Any CPU.Build.0 = Debug|Any CPU
		{D1D790D9-D5B3-00CE-3DA6-B8D6C3C0D614}.Release|Any CPU.ActiveCfg = Release|Any CPU
		{D1D790D9-D5B3-00CE-3DA6-B8D6C3C0D614}.Release|Any CPU.Build.0 = Release|Any CPU
		{C95C0AFB-B05D-B9E9-1897-31D778333B27}.Debug|Any CPU.ActiveCfg = Debug|Any CPU
		{C95C0AFB-B05D-B9E9-1897-31D778333B27}.Debug|Any CPU.Build.0 = Debug|Any CPU
		{C95C0AFB-B05D-B9E9-1897-31D778333B27}.Release|Any CPU.ActiveCfg = Release|Any CPU
		{C95C0AFB-B05D-B9E9-1897-31D778333B27}.Release|Any CPU.Build.0 = Release|Any CPU
		{0CFD18F1-3422-40C9-8378-7FFB5B2EBDEF}.Debug|Any CPU.ActiveCfg = Debug|Any CPU
		{0CFD18F1-3422-40C9-8378-7FFB5B2EBDEF}.Debug|Any CPU.Build.0 = Debug|Any CPU
		{0CFD18F1-3422-40C9-8378-7FFB5B2EBDEF}.Release|Any CPU.ActiveCfg = Release|Any CPU
		{0CFD18F1-3422-40C9-8378-7FFB5B2EBDEF}.Release|Any CPU.Build.0 = Release|Any CPU
		{CA083D46-273E-8AA4-1B17-557AF836AC80}.Debug|Any CPU.ActiveCfg = Debug|Any CPU
		{CA083D46-273E-8AA4-1B17-557AF836AC80}.Debug|Any CPU.Build.0 = Debug|Any CPU
		{CA083D46-273E-8AA4-1B17-557AF836AC80}.Release|Any CPU.ActiveCfg = Release|Any CPU
		{CA083D46-273E-8AA4-1B17-557AF836AC80}.Release|Any CPU.Build.0 = Release|Any CPU
		{CF2122E2-1DFD-7FC1-7E98-C79DD303DF8D}.Debug|Any CPU.ActiveCfg = Debug|Any CPU
		{CF2122E2-1DFD-7FC1-7E98-C79DD303DF8D}.Debug|Any CPU.Build.0 = Debug|Any CPU
		{CF2122E2-1DFD-7FC1-7E98-C79DD303DF8D}.Release|Any CPU.ActiveCfg = Release|Any CPU
		{CF2122E2-1DFD-7FC1-7E98-C79DD303DF8D}.Release|Any CPU.Build.0 = Release|Any CPU
		{FEA23536-8D90-D9E0-BE37-FFB5D19C4E7F}.Debug|Any CPU.ActiveCfg = Debug|Any CPU
		{FEA23536-8D90-D9E0-BE37-FFB5D19C4E7F}.Debug|Any CPU.Build.0 = Debug|Any CPU
		{FEA23536-8D90-D9E0-BE37-FFB5D19C4E7F}.Release|Any CPU.ActiveCfg = Release|Any CPU
		{FEA23536-8D90-D9E0-BE37-FFB5D19C4E7F}.Release|Any CPU.Build.0 = Release|Any CPU
		{B61F8AE7-BD73-44E4-A870-4B2764C45261}.Debug|Any CPU.ActiveCfg = Debug|Any CPU
		{B61F8AE7-BD73-44E4-A870-4B2764C45261}.Debug|Any CPU.Build.0 = Debug|Any CPU
		{B61F8AE7-BD73-44E4-A870-4B2764C45261}.Release|Any CPU.ActiveCfg = Release|Any CPU
		{B61F8AE7-BD73-44E4-A870-4B2764C45261}.Release|Any CPU.Build.0 = Release|Any CPU
		{2BB4FD53-EE6E-41D1-A56C-A23504109637}.Debug|Any CPU.ActiveCfg = Debug|Any CPU
		{2BB4FD53-EE6E-41D1-A56C-A23504109637}.Debug|Any CPU.Build.0 = Debug|Any CPU
		{2BB4FD53-EE6E-41D1-A56C-A23504109637}.Release|Any CPU.ActiveCfg = Release|Any CPU
		{2BB4FD53-EE6E-41D1-A56C-A23504109637}.Release|Any CPU.Build.0 = Release|Any CPU
	EndGlobalSection
	GlobalSection(SolutionProperties) = preSolution
		HideSolutionNode = FALSE
	EndGlobalSection
	GlobalSection(NestedProjects) = preSolution
		{2650F5E0-C99B-4728-B371-CBD198E0945C} = {02EA681E-C7D8-13C7-8484-4AC65E1B71E8}
		{9A59E643-7FE5-4A14-9673-D77C59EAA219} = {02EA681E-C7D8-13C7-8484-4AC65E1B71E8}
		{239DBFAF-F94A-CF19-F03F-342285FF4D8A} = {50C8BB5F-078A-43E9-93BE-81970C5791E6}
		{D1D790D9-D5B3-00CE-3DA6-B8D6C3C0D614} = {ECA574C7-97A8-40AC-BC61-12F093564977}
		{C95C0AFB-B05D-B9E9-1897-31D778333B27} = {02EA681E-C7D8-13C7-8484-4AC65E1B71E8}
		{0CFD18F1-3422-40C9-8378-7FFB5B2EBDEF} = {574EF48D-B1BB-4A07-9285-D429D92009FD}
		{CA083D46-273E-8AA4-1B17-557AF836AC80} = {574EF48D-B1BB-4A07-9285-D429D92009FD}
		{CF2122E2-1DFD-7FC1-7E98-C79DD303DF8D} = {02EA681E-C7D8-13C7-8484-4AC65E1B71E8}
		{FEA23536-8D90-D9E0-BE37-FFB5D19C4E7F} = {02EA681E-C7D8-13C7-8484-4AC65E1B71E8}
		{B61F8AE7-BD73-44E4-A870-4B2764C45261} = {02EA681E-C7D8-13C7-8484-4AC65E1B71E8}
		{2BB4FD53-EE6E-41D1-A56C-A23504109637} = {02EA681E-C7D8-13C7-8484-4AC65E1B71E8}
	EndGlobalSection
	GlobalSection(ExtensibilityGlobals) = postSolution
		SolutionGuid = {A65F0268-B568-41A0-B25D-6AE520ABBC15}
	EndGlobalSection
EndGlobal
